
Microsoft Visual Studio Solution File, Format Version 12.00
# Visual Studio Version 17
VisualStudioVersion = 17.3.32929.385
MinimumVisualStudioVersion = 10.0.40219.1
Project("{888888A0-9F3D-457C-B088-3A5042F75D52}") = "StockBuySellEstimator", "StockBuySellEstimator\StockBuySellEstimator.pyproj", "{58B351A2-0D23-4FA6-9184-D614C1AA71DD}"
EndProject
Global
	GlobalSection(SolutionConfigurationPlatforms) = preSolution
		Debug|Any CPU = Debug|Any CPU
		Release|Any CPU = Release|Any CPU
	EndGlobalSection
	GlobalSection(ProjectConfigurationPlatforms) = postSolution
		{58B351A2-0D23-4FA6-9184-D614C1AA71DD}.Debug|Any CPU.ActiveCfg = Debug|Any CPU
		{58B351A2-0D23-4FA6-9184-D614C1AA71DD}.Release|Any CPU.ActiveCfg = Release|Any CPU
	EndGlobalSection
	GlobalSection(SolutionProperties) = preSolution
		HideSolutionNode = FALSE
	EndGlobalSection
	GlobalSection(ExtensibilityGlobals) = postSolution
		SolutionGuid = {DF101514-F017-4900-A8B1-B6A9C5EEF403}
	EndGlobalSection
EndGlobal
